
Microsoft Visual Studio Solution File, Format Version 12.00
# Visual Studio Version 17
VisualStudioVersion = 17.8.34601.278
MinimumVisualStudioVersion = 10.0.40219.1
Project("{FAE04EC0-301F-11D3-BF4B-00C04F79EFBC}") = "MCC.DAL", "MCC.DAL\MCC.DAL.csproj", "{BD7561B0-ECEB-47EB-9174-0FF0EF72C9C7}"
EndProject
Project("{FAE04EC0-301F-11D3-BF4B-00C04F79EFBC}") = "MCC.API", "MCC.API\MCC.API.csproj", "{4EA87F34-2BF3-446F-BA0F-B6AB77755C07}"
EndProject
Global
	GlobalSection(SolutionConfigurationPlatforms) = preSolution
		Debug|Any CPU = Debug|Any CPU
		Release|Any CPU = Release|Any CPU
	EndGlobalSection
	GlobalSection(ProjectConfigurationPlatforms) = postSolution
		{BD7561B0-ECEB-47EB-9174-0FF0EF72C9C7}.Debug|Any CPU.ActiveCfg = Debug|Any CPU
		{BD7561B0-ECEB-47EB-9174-0FF0EF72C9C7}.Debug|Any CPU.Build.0 = Debug|Any CPU
		{BD7561B0-ECEB-47EB-9174-0FF0EF72C9C7}.Release|Any CPU.ActiveCfg = Release|Any CPU
		{BD7561B0-ECEB-47EB-9174-0FF0EF72C9C7}.Release|Any CPU.Build.0 = Release|Any CPU
		{4EA87F34-2BF3-446F-BA0F-B6AB77755C07}.Debug|Any CPU.ActiveCfg = Debug|Any CPU
		{4EA87F34-2BF3-446F-BA0F-B6AB77755C07}.Debug|Any CPU.Build.0 = Debug|Any CPU
		{4EA87F34-2BF3-446F-BA0F-B6AB77755C07}.Release|Any CPU.ActiveCfg = Release|Any CPU
		{4EA87F34-2BF3-446F-BA0F-B6AB77755C07}.Release|Any CPU.Build.0 = Release|Any CPU
	EndGlobalSection
	GlobalSection(SolutionProperties) = preSolution
		HideSolutionNode = FALSE
	EndGlobalSection
	GlobalSection(ExtensibilityGlobals) = postSolution
		SolutionGuid = {C8B49572-6A0C-4263-A40D-BB1AEF6BE2FC}
	EndGlobalSection
EndGlobal
